
Microsoft Visual Studio Solution File, Format Version 12.00
# Visual Studio Version 16
VisualStudioVersion = 16.0.29609.76
MinimumVisualStudioVersion = 10.0.40219.1
Project("{FAE04EC0-301F-11D3-BF4B-00C04F79EFBC}") = "SimpleCode", "SimpleCode\SimpleCode.csproj", "{36E5C39F-BD03-46FE-880E-CDE127202C33}"
EndProject
Global
	GlobalSection(SolutionConfigurationPlatforms) = preSolution
		Debug|Any CPU = Debug|Any CPU
		Release|Any CPU = Release|Any CPU
	EndGlobalSection
	GlobalSection(ProjectConfigurationPlatforms) = postSolution
		{36E5C39F-BD03-46FE-880E-CDE127202C33}.Debug|Any CPU.ActiveCfg = Debug|Any CPU
		{36E5C39F-BD03-46FE-880E-CDE127202C33}.Debug|Any CPU.Build.0 = Debug|Any CPU
		{36E5C39F-BD03-46FE-880E-CDE127202C33}.Release|Any CPU.ActiveCfg = Release|Any CPU
		{36E5C39F-BD03-46FE-880E-CDE127202C33}.Release|Any CPU.Build.0 = Release|Any CPU
	EndGlobalSection
	GlobalSection(SolutionProperties) = preSolution
		HideSolutionNode = FALSE
	EndGlobalSection
	GlobalSection(ExtensibilityGlobals) = postSolution
		SolutionGuid = {0BE4CB00-2DC9-4CCE-933C-3D43FEAB019F}
	EndGlobalSection
EndGlobal
